
Microsoft Visual Studio Solution File, Format Version 12.00
# Visual Studio 2013
VisualStudioVersion = 12.0.31101.0
MinimumVisualStudioVersion = 10.0.40219.1
Project("{FAE04EC0-301F-11D3-BF4B-00C04F79EFBC}") = "BookStoreService", "BookStoreService\BookStoreService.csproj", "{D96FE0DB-3763-4EF5-B0DF-2BF56D612BC6}"
EndProject
Project("{FAE04EC0-301F-11D3-BF4B-00C04F79EFBC}") = "DBLib", "..\DBLibSln\DBLib\DBLib.csproj", "{FA1A134D-8EDF-4D3F-BF46-1C33D01970D8}"
EndProject
Global
	GlobalSection(TeamFoundationVersionControl) = preSolution
		SccNumberOfProjects = 3
		SccEnterpriseProvider = {4CA58AB2-18FA-4F8D-95D4-32DDF27D184C}
		SccTeamFoundationServer = https://davidkelly001.visualstudio.com/defaultcollection
		SccLocalPath0 = .
		SccProjectUniqueName1 = BookStoreService\\BookStoreService.csproj
		SccProjectName1 = BookStoreService
		SccLocalPath1 = BookStoreService
		SccProjectUniqueName2 = ..\\DBLibSln\\DBLib\\DBLib.csproj
		SccProjectName2 = ../DBLibSln/DBLib
		SccLocalPath2 = ..\\DBLibSln\\DBLib
	EndGlobalSection
	GlobalSection(SolutionConfigurationPlatforms) = preSolution
		Debug|Any CPU = Debug|Any CPU
		Release|Any CPU = Release|Any CPU
	EndGlobalSection
	GlobalSection(ProjectConfigurationPlatforms) = postSolution
		{D96FE0DB-3763-4EF5-B0DF-2BF56D612BC6}.Debug|Any CPU.ActiveCfg = Debug|Any CPU
		{D96FE0DB-3763-4EF5-B0DF-2BF56D612BC6}.Debug|Any CPU.Build.0 = Debug|Any CPU
		{D96FE0DB-3763-4EF5-B0DF-2BF56D612BC6}.Release|Any CPU.ActiveCfg = Release|Any CPU
		{D96FE0DB-3763-4EF5-B0DF-2BF56D612BC6}.Release|Any CPU.Build.0 = Release|Any CPU
		{FA1A134D-8EDF-4D3F-BF46-1C33D01970D8}.Debug|Any CPU.ActiveCfg = Debug|Any CPU
		{FA1A134D-8EDF-4D3F-BF46-1C33D01970D8}.Debug|Any CPU.Build.0 = Debug|Any CPU
		{FA1A134D-8EDF-4D3F-BF46-1C33D01970D8}.Release|Any CPU.ActiveCfg = Release|Any CPU
		{FA1A134D-8EDF-4D3F-BF46-1C33D01970D8}.Release|Any CPU.Build.0 = Release|Any CPU
	EndGlobalSection
	GlobalSection(SolutionProperties) = preSolution
		HideSolutionNode = FALSE
	EndGlobalSection
EndGlobal
